
Microsoft Visual Studio Solution File, Format Version 12.00
# Visual Studio 15
VisualStudioVersion = 15.0.28307.1684
MinimumVisualStudioVersion = 10.0.40219.1
Project("{8BC9CEB8-8B4A-11D0-8D11-00A0C91BC942}") = "P14", "P14.vcxproj", "{7598DAE4-F96C-4598-B8C6-87D18AB5221B}"
EndProject
Global
	GlobalSection(SolutionConfigurationPlatforms) = preSolution
		Debug|x64 = Debug|x64
		Debug|x86 = Debug|x86
		Release|x64 = Release|x64
		Release|x86 = Release|x86
	EndGlobalSection
	GlobalSection(ProjectConfigurationPlatforms) = postSolution
		{7598DAE4-F96C-4598-B8C6-87D18AB5221B}.Debug|x64.ActiveCfg = Debug|x64
		{7598DAE4-F96C-4598-B8C6-87D18AB5221B}.Debug|x64.Build.0 = Debug|x64
		{7598DAE4-F96C-4598-B8C6-87D18AB5221B}.Debug|x86.ActiveCfg = Debug|Win32
		{7598DAE4-F96C-4598-B8C6-87D18AB5221B}.Debug|x86.Build.0 = Debug|Win32
		{7598DAE4-F96C-4598-B8C6-87D18AB5221B}.Release|x64.ActiveCfg = Release|x64
		{7598DAE4-F96C-4598-B8C6-87D18AB5221B}.Release|x64.Build.0 = Release|x64
		{7598DAE4-F96C-4598-B8C6-87D18AB5221B}.Release|x86.ActiveCfg = Release|Win32
		{7598DAE4-F96C-4598-B8C6-87D18AB5221B}.Release|x86.Build.0 = Release|Win32
	EndGlobalSection
	GlobalSection(SolutionProperties) = preSolution
		HideSolutionNode = FALSE
	EndGlobalSection
	GlobalSection(ExtensibilityGlobals) = postSolution
		SolutionGuid = {F07203C3-5D25-4388-BFE5-AACC730C2DAC}
	EndGlobalSection
EndGlobal
